{
  "name": "devcontainers",
  "lockfileVersion": 3,
  "requires": true,
  "packages": {
    "": {
      "name": "devcontainers",
      "dependencies": {
        "@devcontainers/cli": "^0.52.1"
      }
    },
    "node_modules/@devcontainers/cli": {
      "version": "0.52.1",
      "resolved": "https://registry.npmjs.org/@devcontainers/cli/-/cli-0.52.1.tgz",
      "integrity": "sha512-sYK1cHHDVjdBIdxjMB8O668+qf0AAEJPMbeMR9ZTbUzXQBNke88vUOZ6DD9SjsqeE5es8SpWX6jV6gaItzJFyA==",
      "bin": {
        "devcontainer": "devcontainer.js"
      },
      "engines": {
        "node": "^16.13.0 || >=18.0.0"
      }
    }
  }
}
